<?xml version="1.0" encoding="utf-8"?>
<Project ToolsVersion="4.0" xmlns="http://schemas.microsoft.com/developer/msbuild/2003">
  <ItemGroup>
    <Filter Include="ソース ファイル">
      <UniqueIdentifier>{4FC737F1-C7A5-4376-A066-2A32D752A2FF}</UniqueIdentifier>
      <Extensions>cpp;c;cc;cxx;c++;cppm;ixx;def;odl;idl;hpj;bat;asm;asmx</Extensions>
    </Filter>
    <Filter Include="ヘッダー ファイル">
      <UniqueIdentifier>{93995380-89BD-4b04-88EB-625FBE52EBFB}</UniqueIdentifier>
      <Extensions>h;hh;hpp;hxx;h++;hm;inl;inc;ipp;xsd</Extensions>
    </Filter>
    <Filter Include="リソース ファイル">
      <UniqueIdentifier>{67DA6AB6-F800-4c08-8B7A-83BB121AAD01}</UniqueIdentifier>
      <Extensions>rc;ico;cur;bmp;dlg;rc2;rct;bin;rgs;gif;jpg;jpeg;jpe;resx;tiff;tif;png;wav;mfcribbon-ms</Extensions>
    </Filter>
    <Filter Include="ヘッダー ファイル\Direct2DSample">
      <UniqueIdentifier>{e94d301f-a3b7-4ef0-acfc-97ce3751f6c6}</UniqueIdentifier>
    </Filter>
    <Filter Include="ソース ファイル\Direct2DSample">
      <UniqueIdentifier>{5ac326b4-635b-4670-9a3e-55770518d8f4}</UniqueIdentifier>
    </Filter>
    <Filter Include="ヘッダー ファイル\Body">
      <UniqueIdentifier>{f48f11bd-1882-4739-a361-9ddad2397e18}</UniqueIdentifier>
    </Filter>
    <Filter Include="ソース ファイル\Body">
      <UniqueIdentifier>{6a0a6937-3049-4b05-8ddb-f48add8ec370}</UniqueIdentifier>
    </Filter>
  </ItemGroup>
  <ItemGroup>
    <ClInclude Include="Game.h">
      <Filter>ヘッダー ファイル</Filter>
    </ClInclude>
    <ClInclude Include="Actor.h">
      <Filter>ヘッダー ファイル</Filter>
    </ClInclude>
    <ClInclude Include="Math.h">
      <Filter>ヘッダー ファイル</Filter>
    </ClInclude>
    <ClInclude Include="Component.h">
      <Filter>ヘッダー ファイル</Filter>
    </ClInclude>
    <ClInclude Include="UDPSocket.h">
      <Filter>ヘッダー ファイル</Filter>
    </ClInclude>
    <ClInclude Include="Block.h">
      <Filter>ヘッダー ファイル</Filter>
    </ClInclude>
    <ClInclude Include="PhysicsComponent.h">
      <Filter>ヘッダー ファイル</Filter>
    </ClInclude>
    <ClInclude Include="D2DSampleBox.h">
      <Filter>ヘッダー ファイル\Direct2DSample</Filter>
    </ClInclude>
    <ClInclude Include="D2DDrawComponent.h">
      <Filter>ヘッダー ファイル\Direct2DSample</Filter>
    </ClInclude>
    <ClInclude Include="D2DBlockDrawComponent.h">
      <Filter>ヘッダー ファイル\Direct2DSample</Filter>
    </ClInclude>
    <ClInclude Include="BodyUDPComponent.h">
      <Filter>ヘッダー ファイル\Body</Filter>
    </ClInclude>
    <ClInclude Include="Body.h">
      <Filter>ヘッダー ファイル\Body</Filter>
    </ClInclude>
    <ClInclude Include="BodyD2DDrawComponent.h">
      <Filter>ヘッダー ファイル\Body</Filter>
    </ClInclude>
    <ClInclude Include="HUD.h">
      <Filter>ヘッダー ファイル</Filter>
    </ClInclude>
    <ClInclude Include="Collision.h">
      <Filter>ヘッダー ファイル</Filter>
    </ClInclude>
    <ClInclude Include="BoxComponent.h">
      <Filter>ヘッダー ファイル</Filter>
    </ClInclude>
    <ClInclude Include="CircleComponent.h">
      <Filter>ヘッダー ファイル</Filter>
    </ClInclude>
    <ClInclude Include="GimmickGenerator.h">
      <Filter>ヘッダー ファイル</Filter>
    </ClInclude>
    <ClInclude Include="UIScreen.h">
      <Filter>ヘッダー ファイル</Filter>
    </ClInclude>
    <ClInclude Include="Blade.h">
      <Filter>ヘッダー ファイル</Filter>
    </ClInclude>
    <ClInclude Include="BladeD2DDrawComponent.h">
      <Filter>ヘッダー ファイル</Filter>
    </ClInclude>
    <ClInclude Include="stdafx.h">
      <Filter>ヘッダー ファイル</Filter>
    </ClInclude>
    <ClInclude Include="SharedStruct.h">
      <Filter>ヘッダー ファイル</Filter>
    </ClInclude>
  </ItemGroup>
  <ItemGroup>
    <ClCompile Include="Game.cpp">
      <Filter>ソース ファイル</Filter>
    </ClCompile>
    <ClCompile Include="Main.cpp">
      <Filter>ソース ファイル</Filter>
    </ClCompile>
    <ClCompile Include="Math.cpp">
      <Filter>ソース ファイル</Filter>
    </ClCompile>
    <ClCompile Include="Actor.cpp">
      <Filter>ソース ファイル</Filter>
    </ClCompile>
    <ClCompile Include="Component.cpp">
      <Filter>ソース ファイル</Filter>
    </ClCompile>
    <ClCompile Include="UDPSocket.cpp">
      <Filter>ソース ファイル</Filter>
    </ClCompile>
    <ClCompile Include="Block.cpp">
      <Filter>ソース ファイル</Filter>
    </ClCompile>
    <ClCompile Include="PhysicsComponent.cpp">
      <Filter>ソース ファイル</Filter>
    </ClCompile>
    <ClCompile Include="D2DDrawComponent.cpp">
      <Filter>ソース ファイル\Direct2DSample</Filter>
    </ClCompile>
    <ClCompile Include="D2DSampleBox.cpp">
      <Filter>ソース ファイル\Direct2DSample</Filter>
    </ClCompile>
    <ClCompile Include="D2DBlockDrawComponent.cpp">
      <Filter>ソース ファイル\Direct2DSample</Filter>
    </ClCompile>
    <ClCompile Include="Body.cpp">
      <Filter>ソース ファイル\Body</Filter>
    </ClCompile>
    <ClCompile Include="BodyUDPComponent.cpp">
      <Filter>ソース ファイル\Body</Filter>
    </ClCompile>
    <ClCompile Include="BodyD2DDrawComponent.cpp">
      <Filter>ソース ファイル\Body</Filter>
    </ClCompile>
    <ClCompile Include="Collision.cpp">
      <Filter>ソース ファイル</Filter>
    </ClCompile>
    <ClCompile Include="BoxComponent.cpp">
      <Filter>ソース ファイル</Filter>
    </ClCompile>
    <ClCompile Include="CircleComponent.cpp">
      <Filter>ソース ファイル</Filter>
    </ClCompile>
    <ClCompile Include="GimmickGenerator.cpp">
      <Filter>ソース ファイル</Filter>
    </ClCompile>
    <ClCompile Include="UIScreen.cpp">
      <Filter>ソース ファイル</Filter>
    </ClCompile>
    <ClCompile Include="HUD.cpp">
      <Filter>ソース ファイル</Filter>
    </ClCompile>
    <ClCompile Include="Blade.cpp">
      <Filter>ソース ファイル</Filter>
    </ClCompile>
    <ClCompile Include="BladeD2DDrawComponent.cpp">
      <Filter>ソース ファイル</Filter>
    </ClCompile>
    <ClCompile Include="stdafx.cpp">
      <Filter>ソース ファイル</Filter>
    </ClCompile>
  </ItemGroup>
</Project>